// !$*UTF8*$!
{
	archiveVersion = 1;
	classes = {
	};
	objectVersion = 46;
	objects = {

/* Begin PBXBuildFile section */
		4225B36A141A821C00DAEBA7 /* UIKit.framework in Frameworks */ = {isa = PBXBuildFile; fileRef = 4225B369141A821C00DAEBA7 /* UIKit.framework */; };
		4225B36C141A821C00DAEBA7 /* Foundation.framework in Frameworks */ = {isa = PBXBuildFile; fileRef = 4225B36B141A821C00DAEBA7 /* Foundation.framework */; };
		4225B36E141A821C00DAEBA7 /* CoreGraphics.framework in Frameworks */ = {isa = PBXBuildFile; fileRef = 4225B36D141A821C00DAEBA7 /* CoreGraphics.framework */; };
		4225B374141A821C00DAEBA7 /* InfoPlist.strings in Resources */ = {isa = PBXBuildFile; fileRef = 4225B372141A821C00DAEBA7 /* InfoPlist.strings */; };
		4225B376141A821C00DAEBA7 /* main.m in Sources */ = {isa = PBXBuildFile; fileRef = 4225B375141A821C00DAEBA7 /* main.m */; };
		4225B37A141A821C00DAEBA7 /* Baro3AppDelegate.m in Sources */ = {isa = PBXBuildFile; fileRef = 4225B379141A821C00DAEBA7 /* Baro3AppDelegate.m */; };
		4225B37D141A821C00DAEBA7 /* MainWindow.xib in Resources */ = {isa = PBXBuildFile; fileRef = 4225B37B141A821C00DAEBA7 /* MainWindow.xib */; };
		4225B380141A821C00DAEBA7 /* Baro3ViewController.m in Sources */ = {isa = PBXBuildFile; fileRef = 4225B37F141A821C00DAEBA7 /* Baro3ViewController.m */; };
		4225B383141A821C00DAEBA7 /* Baro3ViewController.xib in Resources */ = {isa = PBXBuildFile; fileRef = 4225B381141A821C00DAEBA7 /* Baro3ViewController.xib */; };
		4225B38B141A821C00DAEBA7 /* SenTestingKit.framework in Frameworks */ = {isa = PBXBuildFile; fileRef = 4225B38A141A821C00DAEBA7 /* SenTestingKit.framework */; };
		4225B38C141A821C00DAEBA7 /* UIKit.framework in Frameworks */ = {isa = PBXBuildFile; fileRef = 4225B369141A821C00DAEBA7 /* UIKit.framework */; };
		4225B38D141A821C00DAEBA7 /* Foundation.framework in Frameworks */ = {isa = PBXBuildFile; fileRef = 4225B36B141A821C00DAEBA7 /* Foundation.framework */; };
		4225B38E141A821C00DAEBA7 /* CoreGraphics.framework in Frameworks */ = {isa = PBXBuildFile; fileRef = 4225B36D141A821C00DAEBA7 /* CoreGraphics.framework */; };
		4225B396141A821C00DAEBA7 /* InfoPlist.strings in Resources */ = {isa = PBXBuildFile; fileRef = 4225B394141A821C00DAEBA7 /* InfoPlist.strings */; };
		4225B398141A821C00DAEBA7 /* Baro3Tests.h in Resources */ = {isa = PBXBuildFile; fileRef = 4225B397141A821C00DAEBA7 /* Baro3Tests.h */; };
		4225B39A141A821C00DAEBA7 /* Baro3Tests.m in Sources */ = {isa = PBXBuildFile; fileRef = 4225B399141A821C00DAEBA7 /* Baro3Tests.m */; };
/* End PBXBuildFile section */

/* Begin PBXContainerItemProxy section */
		4225B38F141A821C00DAEBA7 /* PBXContainerItemProxy */ = {
			isa = PBXContainerItemProxy;
			containerPortal = 4225B35C141A821B00DAEBA7 /* Project object */;
			proxyType = 1;
			remoteGlobalIDString = 4225B364141A821C00DAEBA7;
			remoteInfo = Baro3;
		};
/* End PBXContainerItemProxy section */

/* Begin PBXFileReference section */
		4225B365141A821C00DAEBA7 /* Baro3.app */ = {isa = PBXFileReference; explicitFileType = wrapper.application; includeInIndex = 0; path = Baro3.app; sourceTree = BUILT_PRODUCTS_DIR; };
		4225B369141A821C00DAEBA7 /* UIKit.framework */ = {isa = PBXFileReference; lastKnownFileType = wrapper.framework; name = UIKit.framework; path = System/Library/Frameworks/UIKit.framework; sourceTree = SDKROOT; };
		4225B36B141A821C00DAEBA7 /* Foundation.framework */ = {isa = PBXFileReference; lastKnownFileType = wrapper.framework; name = Foundation.framework; path = System/Library/Frameworks/Foundation.framework; sourceTree = SDKROOT; };
		4225B36D141A821C00DAEBA7 /* CoreGraphics.framework */ = {isa = PBXFileReference; lastKnownFileType = wrapper.framework; name = CoreGraphics.framework; path = System/Library/Frameworks/CoreGraphics.framework; sourceTree = SDKROOT; };
		4225B371141A821C00DAEBA7 /* Baro3-Info.plist */ = {isa = PBXFileReference; path = "Baro3-Info.plist"; sourceTree = "<group>"; };
		4225B373141A821C00DAEBA7 /* en */ = {isa = PBXFileReference; lastKnownFileType = text.plist.strings; name = en; path = en.lproj/InfoPlist.strings; sourceTree = "<group>"; };
		4225B375141A821C00DAEBA7 /* main.m */ = {isa = PBXFileReference; lastKnownFileType = sourcecode.c.objc; path = main.m; sourceTree = "<group>"; };
		4225B377141A821C00DAEBA7 /* Baro3-Prefix.pch */ = {isa = PBXFileReference; path = "Baro3-Prefix.pch"; sourceTree = "<group>"; };
		4225B378141A821C00DAEBA7 /* Baro3AppDelegate.h */ = {isa = PBXFileReference; path = Baro3AppDelegate.h; sourceTree = "<group>"; };
		4225B379141A821C00DAEBA7 /* Baro3AppDelegate.m */ = {isa = PBXFileReference; lastKnownFileType = sourcecode.c.objc; path = Baro3AppDelegate.m; sourceTree = "<group>"; };
		4225B37C141A821C00DAEBA7 /* en */ = {isa = PBXFileReference; lastKnownFileType = file.xib; name = en; path = en.lproj/MainWindow.xib; sourceTree = "<group>"; };
		4225B37E141A821C00DAEBA7 /* Baro3ViewController.h */ = {isa = PBXFileReference; path = Baro3ViewController.h; sourceTree = "<group>"; };
		4225B37F141A821C00DAEBA7 /* Baro3ViewController.m */ = {isa = PBXFileReference; lastKnownFileType = sourcecode.c.objc; path = Baro3ViewController.m; sourceTree = "<group>"; };
		4225B382141A821C00DAEBA7 /* en */ = {isa = PBXFileReference; lastKnownFileType = file.xib; name = en; path = en.lproj/Baro3ViewController.xib; sourceTree = "<group>"; };
		4225B389141A821C00DAEBA7 /* Baro3Tests.octest */ = {isa = PBXFileReference; explicitFileType = wrapper.cfbundle; includeInIndex = 0; path = Baro3Tests.octest; sourceTree = BUILT_PRODUCTS_DIR; };
		4225B38A141A821C00DAEBA7 /* SenTestingKit.framework */ = {isa = PBXFileReference; lastKnownFileType = wrapper.framework; name = SenTestingKit.framework; path = Library/Frameworks/SenTestingKit.framework; sourceTree = DEVELOPER_DIR; };
		4225B393141A821C00DAEBA7 /* Baro3Tests-Info.plist */ = {isa = PBXFileReference; path = "Baro3Tests-Info.plist"; sourceTree = "<group>"; };
		4225B395141A821C00DAEBA7 /* en */ = {isa = PBXFileReference; lastKnownFileType = text.plist.strings; name = en; path = en.lproj/InfoPlist.strings; sourceTree = "<group>"; };
		4225B397141A821C00DAEBA7 /* Baro3Tests.h */ = {isa = PBXFileReference; lastKnownFileType = sourcecode.c.h; path = Baro3Tests.h; sourceTree = "<group>"; };
		4225B399141A821C00DAEBA7 /* Baro3Tests.m */ = {isa = PBXFileReference; lastKnownFileType = sourcecode.c.objc; path = Baro3Tests.m; sourceTree = "<group>"; };
/* End PBXFileReference section */

/* Begin PBXFrameworksBuildPhase section */
		4225B362141A821C00DAEBA7 /* Frameworks */ = {
			isa = PBXFrameworksBuildPhase;
			buildActionMask = 2147483647;
			files = (
				4225B36A141A821C00DAEBA7 /* UIKit.framework in Frameworks */,
				4225B36C141A821C00DAEBA7 /* Foundation.framework in Frameworks */,
				4225B36E141A821C00DAEBA7 /* CoreGraphics.framework in Frameworks */,
			);
			runOnlyForDeploymentPostprocessing = 0;
		};
		4225B385141A821C00DAEBA7 /* Frameworks */ = {
			isa = PBXFrameworksBuildPhase;
			buildActionMask = 2147483647;
			files = (
				4225B38B141A821C00DAEBA7 /* SenTestingKit.framework in Frameworks */,
				4225B38C141A821C00DAEBA7 /* UIKit.framework in Frameworks */,
				4225B38D141A821C00DAEBA7 /* Foundation.framework in Frameworks */,
				4225B38E141A821C00DAEBA7 /* CoreGraphics.framework in Frameworks */,
			);
			runOnlyForDeploymentPostprocessing = 0;
		};
/* End PBXFrameworksBuildPhase section */

/* Begin PBXGroup section */
		4225B35A141A821B00DAEBA7 = {
			isa = PBXGroup;
			children = (
				4225B36F141A821C00DAEBA7 /* Baro3 */,
				4225B391141A821C00DAEBA7 /* Baro3Tests */,
				4225B368141A821C00DAEBA7 /* Frameworks */,
				4225B366141A821C00DAEBA7 /* Products */,
			);
			sourceTree = "<group>";
		};
		4225B366141A821C00DAEBA7 /* Products */ = {
			isa = PBXGroup;
			children = (
				4225B365141A821C00DAEBA7 /* Baro3.app */,
				4225B389141A821C00DAEBA7 /* Baro3Tests.octest */,
			);
			name = Products;
			sourceTree = "<group>";
		};
		4225B368141A821C00DAEBA7 /* Frameworks */ = {
			isa = PBXGroup;
			children = (
				4225B369141A821C00DAEBA7 /* UIKit.framework */,
				4225B36B141A821C00DAEBA7 /* Foundation.framework */,
				4225B36D141A821C00DAEBA7 /* CoreGraphics.framework */,
				4225B38A141A821C00DAEBA7 /* SenTestingKit.framework */,
			);
			name = Frameworks;
			sourceTree = "<group>";
		};
		4225B36F141A821C00DAEBA7 /* Baro3 */ = {
			isa = PBXGroup;
			children = (
				4225B378141A821C00DAEBA7 /* Baro3AppDelegate.h */,
				4225B379141A821C00DAEBA7 /* Baro3AppDelegate.m */,
				4225B37B141A821C00DAEBA7 /* MainWindow.xib */,
				4225B37E141A821C00DAEBA7 /* Baro3ViewController.h */,
				4225B37F141A821C00DAEBA7 /* Baro3ViewController.m */,
				4225B381141A821C00DAEBA7 /* Baro3ViewController.xib */,
				4225B370141A821C00DAEBA7 /* Supporting Files */,
			);
			path = Baro3;
			sourceTree = "<group>";
		};
		4225B370141A821C00DAEBA7 /* Supporting Files */ = {
			isa = PBXGroup;
			children = (
				4225B371141A821C00DAEBA7 /* Baro3-Info.plist */,
				4225B372141A821C00DAEBA7 /* InfoPlist.strings */,
				4225B375141A821C00DAEBA7 /* main.m */,
				4225B377141A821C00DAEBA7 /* Baro3-Prefix.pch */,
			);
			name = "Supporting Files";
			sourceTree = "<group>";
		};
		4225B391141A821C00DAEBA7 /* Baro3Tests */ = {
			isa = PBXGroup;
			children = (
				4225B397141A821C00DAEBA7 /* Baro3Tests.h */,
				4225B399141A821C00DAEBA7 /* Baro3Tests.m */,
				4225B392141A821C00DAEBA7 /* Supporting Files */,
			);
			path = Baro3Tests;
			sourceTree = "<group>";
		};
		4225B392141A821C00DAEBA7 /* Supporting Files */ = {
			isa = PBXGroup;
			children = (
				4225B393141A821C00DAEBA7 /* Baro3Tests-Info.plist */,
				4225B394141A821C00DAEBA7 /* InfoPlist.strings */,
			);
			name = "Supporting Files";
			sourceTree = "<group>";
		};
/* End PBXGroup section */

/* Begin PBXNativeTarget section */
		4225B364141A821C00DAEBA7 /* Baro3 */ = {
			isa = PBXNativeTarget;
			buildConfigurationList = 4225B39D141A821C00DAEBA7 /* Build configuration list for PBXNativeTarget "Baro3" */;
			buildPhases = (
				4225B361141A821C00DAEBA7 /* Sources */,
				4225B362141A821C00DAEBA7 /* Frameworks */,
				4225B363141A821C00DAEBA7 /* Resources */,
			);
			buildRules = (
			);
			dependencies = (
			);
			name = Baro3;
			productName = Baro3;
			productReference = 4225B365141A821C00DAEBA7 /* Baro3.app */;
			productType = "com.apple.product-type.application";
		};
		4225B388141A821C00DAEBA7 /* Baro3Tests */ = {
			isa = PBXNativeTarget;
			buildConfigurationList = 4225B3A0141A821C00DAEBA7 /* Build configuration list for PBXNativeTarget "Baro3Tests" */;
			buildPhases = (
				4225B384141A821C00DAEBA7 /* Sources */,
				4225B385141A821C00DAEBA7 /* Frameworks */,
				4225B386141A821C00DAEBA7 /* Resources */,
				4225B387141A821C00DAEBA7 /* ShellScript */,
			);
			buildRules = (
			);
			dependencies = (
				4225B390141A821C00DAEBA7 /* PBXTargetDependency */,
			);
			name = Baro3Tests;
			productName = Baro3Tests;
			productReference = 4225B389141A821C00DAEBA7 /* Baro3Tests.octest */;
			productType = "com.apple.product-type.bundle";
		};
/* End PBXNativeTarget section */

/* Begin PBXProject section */
		4225B35C141A821B00DAEBA7 /* Project object */ = {
			isa = PBXProject;
			buildConfigurationList = 4225B35F141A821B00DAEBA7 /* Build configuration list for PBXProject "Baro3" */;
			compatibilityVersion = "Xcode 3.2";
			developmentRegion = English;
			hasScannedForEncodings = 0;
			knownRegions = (
				en,
			);
			mainGroup = 4225B35A141A821B00DAEBA7;
			productRefGroup = 4225B366141A821C00DAEBA7 /* Products */;
			projectDirPath = "";
			projectRoot = "";
			targets = (
				4225B364141A821C00DAEBA7 /* Baro3 */,
				4225B388141A821C00DAEBA7 /* Baro3Tests */,
			);
		};
/* End PBXProject section */

/* Begin PBXResourcesBuildPhase section */
		4225B363141A821C00DAEBA7 /* Resources */ = {
			isa = PBXResourcesBuildPhase;
			buildActionMask = 2147483647;
			files = (
				4225B374141A821C00DAEBA7 /* InfoPlist.strings in Resources */,
				4225B37D141A821C00DAEBA7 /* MainWindow.xib in Resources */,
				4225B383141A821C00DAEBA7 /* Baro3ViewController.xib in Resources */,
			);
			runOnlyForDeploymentPostprocessing = 0;
		};
		4225B386141A821C00DAEBA7 /* Resources */ = {
			isa = PBXResourcesBuildPhase;
			buildActionMask = 2147483647;
			files = (
				4225B396141A821C00DAEBA7 /* InfoPlist.strings in Resources */,
				4225B398141A821C00DAEBA7 /* Baro3Tests.h in Resources */,
			);
			runOnlyForDeploymentPostprocessing = 0;
		};
/* End PBXResourcesBuildPhase section */

/* Begin PBXShellScriptBuildPhase section */
		4225B387141A821C00DAEBA7 /* ShellScript */ = {
			isa = PBXShellScriptBuildPhase;
			buildActionMask = 2147483647;
			files = (
			);
			inputPaths = (
			);
			outputPaths = (
			);
			runOnlyForDeploymentPostprocessing = 0;
			shellPath = /bin/sh;
			shellScript = "# Run the unit tests in this test bundle.\n\"${SYSTEM_DEVELOPER_DIR}/Tools/RunUnitTests\"\n";
		};
/* End PBXShellScriptBuildPhase section */

/* Begin PBXSourcesBuildPhase section */
		4225B361141A821C00DAEBA7 /* Sources */ = {
			isa = PBXSourcesBuildPhase;
			buildActionMask = 2147483647;
			files = (
				4225B376141A821C00DAEBA7 /* main.m in Sources */,
				4225B37A141A821C00DAEBA7 /* Baro3AppDelegate.m in Sources */,
				4225B380141A821C00DAEBA7 /* Baro3ViewController.m in Sources */,
			);
			runOnlyForDeploymentPostprocessing = 0;
		};
		4225B384141A821C00DAEBA7 /* Sources */ = {
			isa = PBXSourcesBuildPhase;
			buildActionMask = 2147483647;
			files = (
				4225B39A141A821C00DAEBA7 /* Baro3Tests.m in Sources */,
			);
			runOnlyForDeploymentPostprocessing = 0;
		};
/* End PBXSourcesBuildPhase section */

/* Begin PBXTargetDependency section */
		4225B390141A821C00DAEBA7 /* PBXTargetDependency */ = {
			isa = PBXTargetDependency;
			target = 4225B364141A821C00DAEBA7 /* Baro3 */;
			targetProxy = 4225B38F141A821C00DAEBA7 /* PBXContainerItemProxy */;
		};
/* End PBXTargetDependency section */

/* Begin PBXVariantGroup section */
		4225B372141A821C00DAEBA7 /* InfoPlist.strings */ = {
			isa = PBXVariantGroup;
			children = (
				4225B373141A821C00DAEBA7 /* en */,
			);
			name = InfoPlist.strings;
			sourceTree = "<group>";
		};
		4225B37B141A821C00DAEBA7 /* MainWindow.xib */ = {
			isa = PBXVariantGroup;
			children = (
				4225B37C141A821C00DAEBA7 /* en */,
			);
			name = MainWindow.xib;
			sourceTree = "<group>";
		};
		4225B381141A821C00DAEBA7 /* Baro3ViewController.xib */ = {
			isa = PBXVariantGroup;
			children = (
				4225B382141A821C00DAEBA7 /* en */,
			);
			name = Baro3ViewController.xib;
			sourceTree = "<group>";
		};
		4225B394141A821C00DAEBA7 /* InfoPlist.strings */ = {
			isa = PBXVariantGroup;
			children = (
				4225B395141A821C00DAEBA7 /* en */,
			);
			name = InfoPlist.strings;
			sourceTree = "<group>";
		};
/* End PBXVariantGroup section */

/* Begin XCBuildConfiguration section */
		4225B39B141A821C00DAEBA7 /* Debug */ = {
			isa = XCBuildConfiguration;
			buildSettings = {
				ALWAYS_SEARCH_USER_PATHS = NO;
				ARCHS = "$(ARCHS_STANDARD_32_BIT)";
				"CODE_SIGN_IDENTITY[sdk=iphoneos*]" = "iPhone Developer";
				COPY_PHASE_STRIP = NO;
				GCC_C_LANGUAGE_STANDARD = gnu99;
				GCC_DYNAMIC_NO_PIC = NO;
				GCC_OPTIMIZATION_LEVEL = 0;
				GCC_PREPROCESSOR_DEFINITIONS = (
					"DEBUG=1",
					"$(inherited)",
				);
				GCC_SYMBOLS_PRIVATE_EXTERN = NO;
				GCC_VERSION = com.apple.compilers.llvmgcc42;
				GCC_WARN_ABOUT_MISSING_PROTOTYPES = YES;
				GCC_WARN_ABOUT_RETURN_TYPE = YES;
				GCC_WARN_UNUSED_VARIABLE = YES;
				IPHONEOS_DEPLOYMENT_TARGET = 4.3;
				SDKROOT = iphoneos;
			};
			name = Debug;
		};
		4225B39C141A821C00DAEBA7 /* Release */ = {
			isa = XCBuildConfiguration;
			buildSettings = {
				ALWAYS_SEARCH_USER_PATHS = NO;
				ARCHS = "$(ARCHS_STANDARD_32_BIT)";
				"CODE_SIGN_IDENTITY[sdk=iphoneos*]" = "iPhone Developer";
				COPY_PHASE_STRIP = YES;
				GCC_C_LANGUAGE_STANDARD = gnu99;
				GCC_VERSION = com.apple.compilers.llvmgcc42;
				GCC_WARN_ABOUT_MISSING_PROTOTYPES = YES;
				GCC_WARN_ABOUT_RETURN_TYPE = YES;
				GCC_WARN_UNUSED_VARIABLE = YES;
				IPHONEOS_DEPLOYMENT_TARGET = 4.3;
				OTHER_CFLAGS = "-DNS_BLOCK_ASSERTIONS=1";
				SDKROOT = iphoneos;
				VALIDATE_PRODUCT = YES;
			};
			name = Release;
		};
		4225B39E141A821C00DAEBA7 /* Debug */ = {
			isa = XCBuildConfiguration;
			buildSettings = {
				GCC_PRECOMPILE_PREFIX_HEADER = YES;
				GCC_PREFIX_HEADER = "Baro3/Baro3-Prefix.pch";
				INFOPLIST_FILE = "Baro3/Baro3-Info.plist";
				PRODUCT_NAME = "$(TARGET_NAME)";
				WRAPPER_EXTENSION = app;
			};
			name = Debug;
		};
		4225B39F141A821C00DAEBA7 /* Release */ = {
			isa = XCBuildConfiguration;
			buildSettings = {
				GCC_PRECOMPILE_PREFIX_HEADER = YES;
				GCC_PREFIX_HEADER = "Baro3/Baro3-Prefix.pch";
				INFOPLIST_FILE = "Baro3/Baro3-Info.plist";
				PRODUCT_NAME = "$(TARGET_NAME)";
				WRAPPER_EXTENSION = app;
			};
			name = Release;
		};
		4225B3A1141A821C00DAEBA7 /* Debug */ = {
			isa = XCBuildConfiguration;
			buildSettings = {
				BUNDLE_LOADER = "$(BUILT_PRODUCTS_DIR)/Baro3.app/Baro3";
				FRAMEWORK_SEARCH_PATHS = (
					"$(SDKROOT)/Developer/Library/Frameworks",
					"$(DEVELOPER_LIBRARY_DIR)/Frameworks",
				);
				GCC_PRECOMPILE_PREFIX_HEADER = YES;
				GCC_PREFIX_HEADER = "Baro3/Baro3-Prefix.pch";
				INFOPLIST_FILE = "Baro3Tests/Baro3Tests-Info.plist";
				PRODUCT_NAME = "$(TARGET_NAME)";
				TEST_HOST = "$(BUNDLE_LOADER)";
				WRAPPER_EXTENSION = octest;
			};
			name = Debug;
		};
		4225B3A2141A821C00DAEBA7 /* Release */ = {
			isa = XCBuildConfiguration;
			buildSettings = {
				BUNDLE_LOADER = "$(BUILT_PRODUCTS_DIR)/Baro3.app/Baro3";
				FRAMEWORK_SEARCH_PATHS = (
					"$(SDKROOT)/Developer/Library/Frameworks",
					"$(DEVELOPER_LIBRARY_DIR)/Frameworks",
				);
				GCC_PRECOMPILE_PREFIX_HEADER = YES;
				GCC_PREFIX_HEADER = "Baro3/Baro3-Prefix.pch";
				INFOPLIST_FILE = "Baro3Tests/Baro3Tests-Info.plist";
				PRODUCT_NAME = "$(TARGET_NAME)";
				TEST_HOST = "$(BUNDLE_LOADER)";
				WRAPPER_EXTENSION = octest;
			};
			name = Release;
		};
/* End XCBuildConfiguration section */

/* Begin XCConfigurationList section */
		4225B35F141A821B00DAEBA7 /* Build configuration list for PBXProject "Baro3" */ = {
			isa = XCConfigurationList;
			buildConfigurations = (
				4225B39B141A821C00DAEBA7 /* Debug */,
				4225B39C141A821C00DAEBA7 /* Release */,
			);
			defaultConfigurationIsVisible = 0;
			defaultConfigurationName = Release;
		};
		4225B39D141A821C00DAEBA7 /* Build configuration list for PBXNativeTarget "Baro3" */ = {
			isa = XCConfigurationList;
			buildConfigurations = (
				4225B39E141A821C00DAEBA7 /* Debug */,
				4225B39F141A821C00DAEBA7 /* Release */,
			);
			defaultConfigurationIsVisible = 0;
		};
		4225B3A0141A821C00DAEBA7 /* Build configuration list for PBXNativeTarget "Baro3Tests" */ = {
			isa = XCConfigurationList;
			buildConfigurations = (
				4225B3A1141A821C00DAEBA7 /* Debug */,
				4225B3A2141A821C00DAEBA7 /* Release */,
			);
			defaultConfigurationIsVisible = 0;
		};
/* End XCConfigurationList section */
	};
	rootObject = 4225B35C141A821B00DAEBA7 /* Project object */;
}
